<?xml version="1.0" encoding="utf-8"?>
<Project ToolsVersion="4.0" xmlns="http://schemas.microsoft.com/developer/msbuild/2003">
  <ItemGroup>
    <ClCompile Include="updown_studio.cpp" />
    <ClCompile Include="pch.cpp">
      <Filter>Precompiled Headers</Filter>
    </ClCompile>
    <ClCompile Include="material.cpp">
      <Filter>Engine\Resource</Filter>
    </ClCompile>
    <ClCompile Include="mesh.cpp">
      <Filter>Engine\Resource</Filter>
    </ClCompile>
    <ClCompile Include="shader.cpp">
      <Filter>Engine\Resource</Filter>
    </ClCompile>
    <ClCompile Include="texture.cpp">
      <Filter>Engine\Resource</Filter>
    </ClCompile>
    <ClCompile Include="input.cpp">
      <Filter>Engine</Filter>
    </ClCompile>
    <ClCompile Include="resource.cpp">
      <Filter>Engine\Resource</Filter>
    </ClCompile>
    <ClCompile Include="resource_object.cpp">
      <Filter>Engine\Resource</Filter>
    </ClCompile>
    <ClCompile Include="core.cpp">
      <Filter>Engine</Filter>
    </ClCompile>
    <ClCompile Include="d3dUtil.cpp">
      <Filter>External Sources</Filter>
    </ClCompile>
    <ClCompile Include="MathHelper.cpp">
      <Filter>External Sources</Filter>
    </ClCompile>
    <ClCompile Include="vertex.cpp">
      <Filter>Engine</Filter>
    </ClCompile>
    <ClCompile Include="frame_resource.cpp">
      <Filter>Engine</Filter>
    </ClCompile>
    <ClCompile Include="time_measure.cpp">
      <Filter>Engine</Filter>
    </ClCompile>
    <ClCompile Include="scene_object.cpp">
      <Filter>Engine\Runtime</Filter>
    </ClCompile>
    <ClCompile Include="transform.cpp">
      <Filter>Engine\Runtime</Filter>
    </ClCompile>
    <ClCompile Include="component.cpp">
      <Filter>Engine\Runtime</Filter>
    </ClCompile>
    <ClCompile Include="scene.cpp">
      <Filter>Engine\Runtime</Filter>
    </ClCompile>
  </ItemGroup>
  <ItemGroup>
    <Filter Include="Precompiled Headers">
      <UniqueIdentifier>{3aab767c-37c5-441b-a44e-d1ab6547e6c8}</UniqueIdentifier>
    </Filter>
    <Filter Include="External Sources">
      <UniqueIdentifier>{2a4c4a61-42fa-46c7-a545-6fe2054977ec}</UniqueIdentifier>
    </Filter>
    <Filter Include="Utility Sources">
      <UniqueIdentifier>{b297e601-7f28-49fb-822e-cc2b76964f1f}</UniqueIdentifier>
    </Filter>
    <Filter Include="Engine">
      <UniqueIdentifier>{d2660dd7-6cd3-4ae9-81ee-b69cc83014af}</UniqueIdentifier>
    </Filter>
    <Filter Include="Engine\Resource">
      <UniqueIdentifier>{eb55cbc2-6a33-41a7-a54a-47e1effd7e1c}</UniqueIdentifier>
    </Filter>
    <Filter Include="Engine\Runtime">
      <UniqueIdentifier>{ad6e46dd-10b9-42f9-9140-69f76530286a}</UniqueIdentifier>
    </Filter>
  </ItemGroup>
  <ItemGroup>
    <ClInclude Include="pch.h">
      <Filter>Precompiled Headers</Filter>
    </ClInclude>
    <ClInclude Include="updown_studio.h" />
    <ClInclude Include="custom_math.h">
      <Filter>Utility Sources</Filter>
    </ClInclude>
    <ClInclude Include="singleton.h">
      <Filter>Utility Sources</Filter>
    </ClInclude>
    <ClInclude Include="define.h">
      <Filter>Utility Sources</Filter>
    </ClInclude>
    <ClInclude Include="material.h">
      <Filter>Engine\Resource</Filter>
    </ClInclude>
    <ClInclude Include="mesh.h">
      <Filter>Engine\Resource</Filter>
    </ClInclude>
    <ClInclude Include="shader.h">
      <Filter>Engine\Resource</Filter>
    </ClInclude>
    <ClInclude Include="texture.h">
      <Filter>Engine\Resource</Filter>
    </ClInclude>
    <ClInclude Include="input.h">
      <Filter>Engine</Filter>
    </ClInclude>
    <ClInclude Include="resource.h">
      <Filter>Engine\Resource</Filter>
    </ClInclude>
    <ClInclude Include="stb_image.h">
      <Filter>External Sources</Filter>
    </ClInclude>
    <ClInclude Include="resource_object.h">
      <Filter>Engine\Resource</Filter>
    </ClInclude>
    <ClInclude Include="s2ws.h">
      <Filter>Utility Sources</Filter>
    </ClInclude>
    <ClInclude Include="core.h">
      <Filter>Engine</Filter>
    </ClInclude>
    <ClInclude Include="d3dUtil.h">
      <Filter>External Sources</Filter>
    </ClInclude>
    <ClInclude Include="d3dx12.h">
      <Filter>External Sources</Filter>
    </ClInclude>
    <ClInclude Include="MathHelper.h">
      <Filter>External Sources</Filter>
    </ClInclude>
    <ClInclude Include="UploadBuffer.h">
      <Filter>External Sources</Filter>
    </ClInclude>
    <ClInclude Include="vertex.h">
      <Filter>Engine</Filter>
    </ClInclude>
    <ClInclude Include="frame_resource.h">
      <Filter>Engine</Filter>
    </ClInclude>
    <ClInclude Include="time_measure.h">
      <Filter>Engine</Filter>
    </ClInclude>
    <ClInclude Include="scene_object.h">
      <Filter>Engine\Runtime</Filter>
    </ClInclude>
    <ClInclude Include="transform.h">
      <Filter>Engine\Runtime</Filter>
    </ClInclude>
    <ClInclude Include="component.h">
      <Filter>Engine\Runtime</Filter>
    </ClInclude>
    <ClInclude Include="scene.h">
      <Filter>Engine\Runtime</Filter>
    </ClInclude>
    <ClInclude Include="SimpleMath.h">
      <Filter>External Sources</Filter>
    </ClInclude>
  </ItemGroup>
  <ItemGroup>
    <None Include="SimpleMath.inl">
      <Filter>External Sources</Filter>
    </None>
  </ItemGroup>
</Project>